PODS:
  - Alamofire (4.6.0)
  - Crashlytics (3.10.1):
    - Fabric (~> 1.7.5)
  - Fabric (1.7.6)
  - IQKeyboardManagerSwift (5.0.7)
  - Kingfisher (4.6.1)
  - KSToastView (0.5.7)
  - ReachabilitySwift (4.1.0)
  - SKActivityIndicatorView (0.1.0)
  - SwiftyJSON (4.1.0)

DEPENDENCIES:
  - Alamofire
  - Crashlytics (~> 3.10)
  - Fabric
  - IQKeyboardManagerSwift
  - Kingfisher
  - KSToastView
  - ReachabilitySwift
  - SKActivityIndicatorView
  - SwiftyJSON

SPEC CHECKSUMS:
  Alamofire: f41a599bd63041760b26d393ec1069d9d7b917f4
  Crashlytics: aee1a064cbbf99b32efa3f056a5f458d846bc8ff
  Fabric: f8d42c893bb187326a7968b62abe55c36a987a46
  IQKeyboardManagerSwift: 30fb3a61de1af53a95e02b80fb54ed0a19d5ede5
  Kingfisher: 1f9157d9c02b380cbd0b7cc890161195164eb634
  KSToastView: aeb0ca50b44e9568b6f95b2d1ec53a3f016b50fc
  ReachabilitySwift: 6849231cd4e06559f3b9ef4a97a0a0f96d41e09f
  SKActivityIndicatorView: f46936f760d33eb8235333242269bf01cc9248ae
  SwiftyJSON: c29297daf073d2aa016295d5809cdd68045c39b3

PODFILE CHECKSUM: 772d0b14fd74757c77144543c60beb1308bca7c2

COCOAPODS: 1.4.0
